
Microsoft Visual Studio Solution File, Format Version 12.00
# Visual Studio Version 17
VisualStudioVersion = 17.14.36109.1
MinimumVisualStudioVersion = 10.0.40219.1
Project("{2150E333-8FDC-42A3-9474-1A3956D46DE8}") = "IdeaCenter", "IdeaCenter", "{DC241567-7DFC-11CA-7BA6-9AB708A4211A}"
EndProject
Project("{FAE04EC0-301F-11D3-BF4B-00C04F79EFBC}") = "IdeaCenterExamPrep", "IdeaCenter\IdeaCenterExamPrep.csproj", "{A2E92528-AC2F-4A7A-8245-75D66925448E}"
EndProject
Global
	GlobalSection(SolutionConfigurationPlatforms) = preSolution
		Debug|Any CPU = Debug|Any CPU
		Debug|x64 = Debug|x64
		Debug|x86 = Debug|x86
		Release|Any CPU = Release|Any CPU
		Release|x64 = Release|x64
		Release|x86 = Release|x86
	EndGlobalSection
	GlobalSection(ProjectConfigurationPlatforms) = postSolution
		{A2E92528-AC2F-4A7A-8245-75D66925448E}.Debug|Any CPU.ActiveCfg = Debug|Any CPU
		{A2E92528-AC2F-4A7A-8245-75D66925448E}.Debug|Any CPU.Build.0 = Debug|Any CPU
		{A2E92528-AC2F-4A7A-8245-75D66925448E}.Debug|x64.ActiveCfg = Debug|Any CPU
		{A2E92528-AC2F-4A7A-8245-75D66925448E}.Debug|x64.Build.0 = Debug|Any CPU
		{A2E92528-AC2F-4A7A-8245-75D66925448E}.Debug|x86.ActiveCfg = Debug|Any CPU
		{A2E92528-AC2F-4A7A-8245-75D66925448E}.Debug|x86.Build.0 = Debug|Any CPU
		{A2E92528-AC2F-4A7A-8245-75D66925448E}.Release|Any CPU.ActiveCfg = Release|Any CPU
		{A2E92528-AC2F-4A7A-8245-75D66925448E}.Release|Any CPU.Build.0 = Release|Any CPU
		{A2E92528-AC2F-4A7A-8245-75D66925448E}.Release|x64.ActiveCfg = Release|Any CPU
		{A2E92528-AC2F-4A7A-8245-75D66925448E}.Release|x64.Build.0 = Release|Any CPU
		{A2E92528-AC2F-4A7A-8245-75D66925448E}.Release|x86.ActiveCfg = Release|Any CPU
		{A2E92528-AC2F-4A7A-8245-75D66925448E}.Release|x86.Build.0 = Release|Any CPU
	EndGlobalSection
	GlobalSection(SolutionProperties) = preSolution
		HideSolutionNode = FALSE
	EndGlobalSection
	GlobalSection(NestedProjects) = preSolution
		{A2E92528-AC2F-4A7A-8245-75D66925448E} = {DC241567-7DFC-11CA-7BA6-9AB708A4211A}
	EndGlobalSection
	GlobalSection(ExtensibilityGlobals) = postSolution
		SolutionGuid = {2B06C283-B2CF-441D-9C5B-B1BFA72B23BE}
	EndGlobalSection
EndGlobal
